GEM
  remote: http://rubygems.org/
  specs:
    graphql (1.10.6)
    graphql-schema_comparator (1.0.1)
      bundler (>= 1.14)
      graphql (~> 1.10)
      thor (>= 0.19, < 2.0)
    thor (1.2.2)

PLATFORMS
  ruby
  x86_64-linux

DEPENDENCIES
  graphql (= 1.10.6)
  graphql-schema_comparator (~> 1.0.1)

BUNDLED WITH
   1.17.3
